
Microsoft Visual Studio Solution File, Format Version 12.00
# Visual Studio 15
VisualStudioVersion = 15.0.26430.14
MinimumVisualStudioVersion = 10.0.40219.1
Project("{FAE04EC0-301F-11D3-BF4B-00C04F79EFBC}") = "test1", "test1\test1.csproj", "{9BD3EF43-D1B9-4E0C-8240-0D598DDECECB}"
EndProject
Project("{FAE04EC0-301F-11D3-BF4B-00C04F79EFBC}") = "MyLibrary", "..\MyLibrary\MyLibrary\MyLibrary.csproj", "{CDEA83C8-14D3-43D9-ABA3-E992903AEF5B}"
EndProject
Project("{FAE04EC0-301F-11D3-BF4B-00C04F79EFBC}") = "FrontEnd", "FrontEnd\FrontEnd.csproj", "{8F356DDB-E354-494F-B5F1-F284BB86D9D9}"
EndProject
Project("{FAE04EC0-301F-11D3-BF4B-00C04F79EFBC}") = "BackEnd", "BackEnd\BackEnd.csproj", "{4E6258AF-5BDC-40CB-8EC4-64F96A5DA766}"
EndProject
Global
	GlobalSection(SolutionConfigurationPlatforms) = preSolution
		Debug|Any CPU = Debug|Any CPU
		Release|Any CPU = Release|Any CPU
	EndGlobalSection
	GlobalSection(ProjectConfigurationPlatforms) = postSolution
		{9BD3EF43-D1B9-4E0C-8240-0D598DDECECB}.Debug|Any CPU.ActiveCfg = Debug|Any CPU
		{9BD3EF43-D1B9-4E0C-8240-0D598DDECECB}.Debug|Any CPU.Build.0 = Debug|Any CPU
		{9BD3EF43-D1B9-4E0C-8240-0D598DDECECB}.Release|Any CPU.ActiveCfg = Release|Any CPU
		{9BD3EF43-D1B9-4E0C-8240-0D598DDECECB}.Release|Any CPU.Build.0 = Release|Any CPU
		{CDEA83C8-14D3-43D9-ABA3-E992903AEF5B}.Debug|Any CPU.ActiveCfg = Debug|Any CPU
		{CDEA83C8-14D3-43D9-ABA3-E992903AEF5B}.Debug|Any CPU.Build.0 = Debug|Any CPU
		{CDEA83C8-14D3-43D9-ABA3-E992903AEF5B}.Release|Any CPU.ActiveCfg = Release|Any CPU
		{CDEA83C8-14D3-43D9-ABA3-E992903AEF5B}.Release|Any CPU.Build.0 = Release|Any CPU
		{8F356DDB-E354-494F-B5F1-F284BB86D9D9}.Debug|Any CPU.ActiveCfg = Debug|Any CPU
		{8F356DDB-E354-494F-B5F1-F284BB86D9D9}.Debug|Any CPU.Build.0 = Debug|Any CPU
		{8F356DDB-E354-494F-B5F1-F284BB86D9D9}.Release|Any CPU.ActiveCfg = Release|Any CPU
		{8F356DDB-E354-494F-B5F1-F284BB86D9D9}.Release|Any CPU.Build.0 = Release|Any CPU
		{4E6258AF-5BDC-40CB-8EC4-64F96A5DA766}.Debug|Any CPU.ActiveCfg = Debug|Any CPU
		{4E6258AF-5BDC-40CB-8EC4-64F96A5DA766}.Debug|Any CPU.Build.0 = Debug|Any CPU
		{4E6258AF-5BDC-40CB-8EC4-64F96A5DA766}.Release|Any CPU.ActiveCfg = Release|Any CPU
		{4E6258AF-5BDC-40CB-8EC4-64F96A5DA766}.Release|Any CPU.Build.0 = Release|Any CPU
	EndGlobalSection
	GlobalSection(SolutionProperties) = preSolution
		HideSolutionNode = FALSE
	EndGlobalSection
EndGlobal
